// !$*UTF8*$!
{
	archiveVersion = 1;
	classes = {
	};
	objectVersion = 77;
	objects = {

/* Begin PBXContainerItemProxy section */
		50827FF82D698A150034756A /* PBXContainerItemProxy */ = {
			isa = PBXContainerItemProxy;
			containerPortal = 50827FDE2D698A120034756A /* Project object */;
			proxyType = 1;
			remoteGlobalIDString = 50827FE52D698A120034756A;
			remoteInfo = tryswifttokyo2025;
		};
		508280022D698A150034756A /* PBXContainerItemProxy */ = {
			isa = PBXContainerItemProxy;
			containerPortal = 50827FDE2D698A120034756A /* Project object */;
			proxyType = 1;
			remoteGlobalIDString = 50827FE52D698A120034756A;
			remoteInfo = tryswifttokyo2025;
		};
		5082802B2D698C910034756A /* PBXContainerItemProxy */ = {
			isa = PBXContainerItemProxy;
			containerPortal = 50827FDE2D698A120034756A /* Project object */;
			proxyType = 1;
			remoteGlobalIDString = 5082801A2D698C8F0034756A;
			remoteInfo = TrySwiftTokyo;
		};
		508280352D698C910034756A /* PBXContainerItemProxy */ = {
			isa = PBXContainerItemProxy;
			containerPortal = 50827FDE2D698A120034756A /* Project object */;
			proxyType = 1;
			remoteGlobalIDString = 5082801A2D698C8F0034756A;
			remoteInfo = TrySwiftTokyo;
		};
/* End PBXContainerItemProxy section */

/* Begin PBXFileReference section */
		50827FE62D698A120034756A /* tryswifttokyo2025.app */ = {isa = PBXFileReference; explicitFileType = wrapper.application; includeInIndex = 0; path = tryswifttokyo2025.app; sourceTree = BUILT_PRODUCTS_DIR; };
		50827FF72D698A150034756A /* tryswifttokyo2025Tests.xctest */ = {isa = PBXFileReference; explicitFileType = wrapper.cfbundle; includeInIndex = 0; path = tryswifttokyo2025Tests.xctest; sourceTree = BUILT_PRODUCTS_DIR; };
		508280012D698A150034756A /* tryswifttokyo2025UITests.xctest */ = {isa = PBXFileReference; explicitFileType = wrapper.cfbundle; includeInIndex = 0; path = tryswifttokyo2025UITests.xctest; sourceTree = BUILT_PRODUCTS_DIR; };
		5082801B2D698C8F0034756A /* TrySwiftTokyoiOS.app */ = {isa = PBXFileReference; explicitFileType = wrapper.application; includeInIndex = 0; path = TrySwiftTokyoiOS.app; sourceTree = BUILT_PRODUCTS_DIR; };
		5082802A2D698C910034756A /* TrySwiftTokyoTests.xctest */ = {isa = PBXFileReference; explicitFileType = wrapper.cfbundle; includeInIndex = 0; path = TrySwiftTokyoTests.xctest; sourceTree = BUILT_PRODUCTS_DIR; };
		508280342D698C910034756A /* TrySwiftTokyoUITests.xctest */ = {isa = PBXFileReference; explicitFileType = wrapper.cfbundle; includeInIndex = 0; path = TrySwiftTokyoUITests.xctest; sourceTree = BUILT_PRODUCTS_DIR; };
/* End PBXFileReference section */

/* Begin PBXFileSystemSynchronizedBuildFileExceptionSet section */
		508280462D698D4D0034756A /* Exceptions for "tryswifttokyo2025" folder in "TrySwiftTokyoiOS" target */ = {
			isa = PBXFileSystemSynchronizedBuildFileExceptionSet;
			membershipExceptions = (
				BonusExamples/TorchView.swift,
				CatalogView.swift,
				Ex1_TimeOfDay/TimeOfTheDayAnimationView.swift,
				Ex2_CherryBlossom/CloudView.swift,
				Ex2_CherryBlossom/FallingPetal.swift,
				Ex2_CherryBlossom/FallingPetalsView.swift,
				Ex2_CherryBlossom/PetalShape.swift,
				Ex2_CherryBlossom/SceneryView.swift,
				Ex2_CherryBlossom/SkyView.swift,
			);
			target = 5082801A2D698C8F0034756A /* TrySwiftTokyoiOS */;
		};
/* End PBXFileSystemSynchronizedBuildFileExceptionSet section */

/* Begin PBXFileSystemSynchronizedRootGroup section */
		50827FE82D698A120034756A /* tryswifttokyo2025 */ = {
			isa = PBXFileSystemSynchronizedRootGroup;
			exceptions = (
				508280462D698D4D0034756A /* Exceptions for "tryswifttokyo2025" folder in "TrySwiftTokyoiOS" target */,
			);
			path = tryswifttokyo2025;
			sourceTree = "<group>";
		};
		50827FFA2D698A150034756A /* tryswifttokyo2025Tests */ = {
			isa = PBXFileSystemSynchronizedRootGroup;
			path = tryswifttokyo2025Tests;
			sourceTree = "<group>";
		};
		508280042D698A150034756A /* tryswifttokyo2025UITests */ = {
			isa = PBXFileSystemSynchronizedRootGroup;
			path = tryswifttokyo2025UITests;
			sourceTree = "<group>";
		};
		5082801C2D698C8F0034756A /* TrySwiftTokyoiOS */ = {
			isa = PBXFileSystemSynchronizedRootGroup;
			path = TrySwiftTokyoiOS;
			sourceTree = "<group>";
		};
		5082802D2D698C910034756A /* TrySwiftTokyoTests */ = {
			isa = PBXFileSystemSynchronizedRootGroup;
			path = TrySwiftTokyoTests;
			sourceTree = "<group>";
		};
		508280372D698C910034756A /* TrySwiftTokyoUITests */ = {
			isa = PBXFileSystemSynchronizedRootGroup;
			path = TrySwiftTokyoUITests;
			sourceTree = "<group>";
		};
/* End PBXFileSystemSynchronizedRootGroup section */

/* Begin PBXFrameworksBuildPhase section */
		50827FE32D698A120034756A /* Frameworks */ = {
			isa = PBXFrameworksBuildPhase;
			buildActionMask = 2147483647;
			files = (
			);
			runOnlyForDeploymentPostprocessing = 0;
		};
		50827FF42D698A150034756A /* Frameworks */ = {
			isa = PBXFrameworksBuildPhase;
			buildActionMask = 2147483647;
			files = (
			);
			runOnlyForDeploymentPostprocessing = 0;
		};
		50827FFE2D698A150034756A /* Frameworks */ = {
			isa = PBXFrameworksBuildPhase;
			buildActionMask = 2147483647;
			files = (
			);
			runOnlyForDeploymentPostprocessing = 0;
		};
		508280182D698C8F0034756A /* Frameworks */ = {
			isa = PBXFrameworksBuildPhase;
			buildActionMask = 2147483647;
			files = (
			);
			runOnlyForDeploymentPostprocessing = 0;
		};
		508280272D698C910034756A /* Frameworks */ = {
			isa = PBXFrameworksBuildPhase;
			buildActionMask = 2147483647;
			files = (
			);
			runOnlyForDeploymentPostprocessing = 0;
		};
		508280312D698C910034756A /* Frameworks */ = {
			isa = PBXFrameworksBuildPhase;
			buildActionMask = 2147483647;
			files = (
			);
			runOnlyForDeploymentPostprocessing = 0;
		};
/* End PBXFrameworksBuildPhase section */

/* Begin PBXGroup section */
		50827FDD2D698A120034756A = {
			isa = PBXGroup;
			children = (
				50827FFA2D698A150034756A /* tryswifttokyo2025Tests */,
				508280042D698A150034756A /* tryswifttokyo2025UITests */,
				5082801C2D698C8F0034756A /* TrySwiftTokyoiOS */,
				5082802D2D698C910034756A /* TrySwiftTokyoTests */,
				508280372D698C910034756A /* TrySwiftTokyoUITests */,
				50827FE72D698A120034756A /* Products */,
				50827FE82D698A120034756A /* tryswifttokyo2025 */,
			);
			sourceTree = "<group>";
		};
		50827FE72D698A120034756A /* Products */ = {
			isa = PBXGroup;
			children = (
				50827FE62D698A120034756A /* tryswifttokyo2025.app */,
				50827FF72D698A150034756A /* tryswifttokyo2025Tests.xctest */,
				508280012D698A150034756A /* tryswifttokyo2025UITests.xctest */,
				5082801B2D698C8F0034756A /* TrySwiftTokyoiOS.app */,
				5082802A2D698C910034756A /* TrySwiftTokyoTests.xctest */,
				508280342D698C910034756A /* TrySwiftTokyoUITests.xctest */,
			);
			name = Products;
			sourceTree = "<group>";
		};
/* End PBXGroup section */

/* Begin PBXNativeTarget section */
		50827FE52D698A120034756A /* tryswifttokyo2025 */ = {
			isa = PBXNativeTarget;
			buildConfigurationList = 5082800B2D698A150034756A /* Build configuration list for PBXNativeTarget "tryswifttokyo2025" */;
			buildPhases = (
				50827FE22D698A120034756A /* Sources */,
				50827FE32D698A120034756A /* Frameworks */,
				50827FE42D698A120034756A /* Resources */,
			);
			buildRules = (
			);
			dependencies = (
			);
			fileSystemSynchronizedGroups = (
				50827FE82D698A120034756A /* tryswifttokyo2025 */,
			);
			name = tryswifttokyo2025;
			packageProductDependencies = (
			);
			productName = tryswifttokyo2025;
			productReference = 50827FE62D698A120034756A /* tryswifttokyo2025.app */;
			productType = "com.apple.product-type.application";
		};
		50827FF62D698A150034756A /* tryswifttokyo2025Tests */ = {
			isa = PBXNativeTarget;
			buildConfigurationList = 5082800E2D698A150034756A /* Build configuration list for PBXNativeTarget "tryswifttokyo2025Tests" */;
			buildPhases = (
				50827FF32D698A150034756A /* Sources */,
				50827FF42D698A150034756A /* Frameworks */,
				50827FF52D698A150034756A /* Resources */,
			);
			buildRules = (
			);
			dependencies = (
				50827FF92D698A150034756A /* PBXTargetDependency */,
			);
			fileSystemSynchronizedGroups = (
				50827FFA2D698A150034756A /* tryswifttokyo2025Tests */,
			);
			name = tryswifttokyo2025Tests;
			packageProductDependencies = (
			);
			productName = tryswifttokyo2025Tests;
			productReference = 50827FF72D698A150034756A /* tryswifttokyo2025Tests.xctest */;
			productType = "com.apple.product-type.bundle.unit-test";
		};
		508280002D698A150034756A /* tryswifttokyo2025UITests */ = {
			isa = PBXNativeTarget;
			buildConfigurationList = 508280112D698A150034756A /* Build configuration list for PBXNativeTarget "tryswifttokyo2025UITests" */;
			buildPhases = (
				50827FFD2D698A150034756A /* Sources */,
				50827FFE2D698A150034756A /* Frameworks */,
				50827FFF2D698A150034756A /* Resources */,
			);
			buildRules = (
			);
			dependencies = (
				508280032D698A150034756A /* PBXTargetDependency */,
			);
			fileSystemSynchronizedGroups = (
				508280042D698A150034756A /* tryswifttokyo2025UITests */,
			);
			name = tryswifttokyo2025UITests;
			packageProductDependencies = (
			);
			productName = tryswifttokyo2025UITests;
			productReference = 508280012D698A150034756A /* tryswifttokyo2025UITests.xctest */;
			productType = "com.apple.product-type.bundle.ui-testing";
		};
		5082801A2D698C8F0034756A /* TrySwiftTokyoiOS */ = {
			isa = PBXNativeTarget;
			buildConfigurationList = 5082803C2D698C920034756A /* Build configuration list for PBXNativeTarget "TrySwiftTokyoiOS" */;
			buildPhases = (
				508280172D698C8F0034756A /* Sources */,
				508280182D698C8F0034756A /* Frameworks */,
				508280192D698C8F0034756A /* Resources */,
			);
			buildRules = (
			);
			dependencies = (
			);
			fileSystemSynchronizedGroups = (
				5082801C2D698C8F0034756A /* TrySwiftTokyoiOS */,
			);
			name = TrySwiftTokyoiOS;
			packageProductDependencies = (
			);
			productName = TrySwiftTokyo;
			productReference = 5082801B2D698C8F0034756A /* TrySwiftTokyoiOS.app */;
			productType = "com.apple.product-type.application";
		};
		508280292D698C910034756A /* TrySwiftTokyoTests */ = {
			isa = PBXNativeTarget;
			buildConfigurationList = 5082803F2D698C920034756A /* Build configuration list for PBXNativeTarget "TrySwiftTokyoTests" */;
			buildPhases = (
				508280262D698C910034756A /* Sources */,
				508280272D698C910034756A /* Frameworks */,
				508280282D698C910034756A /* Resources */,
			);
			buildRules = (
			);
			dependencies = (
				5082802C2D698C910034756A /* PBXTargetDependency */,
			);
			fileSystemSynchronizedGroups = (
				5082802D2D698C910034756A /* TrySwiftTokyoTests */,
			);
			name = TrySwiftTokyoTests;
			packageProductDependencies = (
			);
			productName = TrySwiftTokyoTests;
			productReference = 5082802A2D698C910034756A /* TrySwiftTokyoTests.xctest */;
			productType = "com.apple.product-type.bundle.unit-test";
		};
		508280332D698C910034756A /* TrySwiftTokyoUITests */ = {
			isa = PBXNativeTarget;
			buildConfigurationList = 508280422D698C920034756A /* Build configuration list for PBXNativeTarget "TrySwiftTokyoUITests" */;
			buildPhases = (
				508280302D698C910034756A /* Sources */,
				508280312D698C910034756A /* Frameworks */,
				508280322D698C910034756A /* Resources */,
			);
			buildRules = (
			);
			dependencies = (
				508280362D698C910034756A /* PBXTargetDependency */,
			);
			fileSystemSynchronizedGroups = (
				508280372D698C910034756A /* TrySwiftTokyoUITests */,
			);
			name = TrySwiftTokyoUITests;
			packageProductDependencies = (
			);
			productName = TrySwiftTokyoUITests;
			productReference = 508280342D698C910034756A /* TrySwiftTokyoUITests.xctest */;
			productType = "com.apple.product-type.bundle.ui-testing";
		};
/* End PBXNativeTarget section */

/* Begin PBXProject section */
		50827FDE2D698A120034756A /* Project object */ = {
			isa = PBXProject;
			attributes = {
				BuildIndependentTargetsInParallel = 1;
				LastSwiftUpdateCheck = 1620;
				LastUpgradeCheck = 1620;
				TargetAttributes = {
					50827FE52D698A120034756A = {
						CreatedOnToolsVersion = 16.2;
					};
					50827FF62D698A150034756A = {
						CreatedOnToolsVersion = 16.2;
						TestTargetID = 50827FE52D698A120034756A;
					};
					508280002D698A150034756A = {
						CreatedOnToolsVersion = 16.2;
						TestTargetID = 50827FE52D698A120034756A;
					};
					5082801A2D698C8F0034756A = {
						CreatedOnToolsVersion = 16.2;
					};
					508280292D698C910034756A = {
						CreatedOnToolsVersion = 16.2;
						TestTargetID = 5082801A2D698C8F0034756A;
					};
					508280332D698C910034756A = {
						CreatedOnToolsVersion = 16.2;
						TestTargetID = 5082801A2D698C8F0034756A;
					};
				};
			};
			buildConfigurationList = 50827FE12D698A120034756A /* Build configuration list for PBXProject "tryswifttokyo2025" */;
			developmentRegion = en;
			hasScannedForEncodings = 0;
			knownRegions = (
				en,
				Base,
			);
			mainGroup = 50827FDD2D698A120034756A;
			minimizedProjectReferenceProxies = 1;
			preferredProjectObjectVersion = 77;
			productRefGroup = 50827FE72D698A120034756A /* Products */;
			projectDirPath = "";
			projectRoot = "";
			targets = (
				50827FE52D698A120034756A /* tryswifttokyo2025 */,
				50827FF62D698A150034756A /* tryswifttokyo2025Tests */,
				508280002D698A150034756A /* tryswifttokyo2025UITests */,
				5082801A2D698C8F0034756A /* TrySwiftTokyoiOS */,
				508280292D698C910034756A /* TrySwiftTokyoTests */,
				508280332D698C910034756A /* TrySwiftTokyoUITests */,
			);
		};
/* End PBXProject section */

/* Begin PBXResourcesBuildPhase section */
		50827FE42D698A120034756A /* Resources */ = {
			isa = PBXResourcesBuildPhase;
			buildActionMask = 2147483647;
			files = (
			);
			runOnlyForDeploymentPostprocessing = 0;
		};
		50827FF52D698A150034756A /* Resources */ = {
			isa = PBXResourcesBuildPhase;
			buildActionMask = 2147483647;
			files = (
			);
			runOnlyForDeploymentPostprocessing = 0;
		};
		50827FFF2D698A150034756A /* Resources */ = {
			isa = PBXResourcesBuildPhase;
			buildActionMask = 2147483647;
			files = (
			);
			runOnlyForDeploymentPostprocessing = 0;
		};
		508280192D698C8F0034756A /* Resources */ = {
			isa = PBXResourcesBuildPhase;
			buildActionMask = 2147483647;
			files = (
			);
			runOnlyForDeploymentPostprocessing = 0;
		};
		508280282D698C910034756A /* Resources */ = {
			isa = PBXResourcesBuildPhase;
			buildActionMask = 2147483647;
			files = (
			);
			runOnlyForDeploymentPostprocessing = 0;
		};
		508280322D698C910034756A /* Resources */ = {
			isa = PBXResourcesBuildPhase;
			buildActionMask = 2147483647;
			files = (
			);
			runOnlyForDeploymentPostprocessing = 0;
		};
/* End PBXResourcesBuildPhase section */

/* Begin PBXSourcesBuildPhase section */
		50827FE22D698A120034756A /* Sources */ = {
			isa = PBXSourcesBuildPhase;
			buildActionMask = 2147483647;
			files = (
			);
			runOnlyForDeploymentPostprocessing = 0;
		};
		50827FF32D698A150034756A /* Sources */ = {
			isa = PBXSourcesBuildPhase;
			buildActionMask = 2147483647;
			files = (
			);
			runOnlyForDeploymentPostprocessing = 0;
		};
		50827FFD2D698A150034756A /* Sources */ = {
			isa = PBXSourcesBuildPhase;
			buildActionMask = 2147483647;
			files = (
			);
			runOnlyForDeploymentPostprocessing = 0;
		};
		508280172D698C8F0034756A /* Sources */ = {
			isa = PBXSourcesBuildPhase;
			buildActionMask = 2147483647;
			files = (
			);
			runOnlyForDeploymentPostprocessing = 0;
		};
		508280262D698C910034756A /* Sources */ = {
			isa = PBXSourcesBuildPhase;
			buildActionMask = 2147483647;
			files = (
			);
			runOnlyForDeploymentPostprocessing = 0;
		};
		508280302D698C910034756A /* Sources */ = {
			isa = PBXSourcesBuildPhase;
			buildActionMask = 2147483647;
			files = (
			);
			runOnlyForDeploymentPostprocessing = 0;
		};
/* End PBXSourcesBuildPhase section */

/* Begin PBXTargetDependency section */
		50827FF92D698A150034756A /* PBXTargetDependency */ = {
			isa = PBXTargetDependency;
			target = 50827FE52D698A120034756A /* tryswifttokyo2025 */;
			targetProxy = 50827FF82D698A150034756A /* PBXContainerItemProxy */;
		};
		508280032D698A150034756A /* PBXTargetDependency */ = {
			isa = PBXTargetDependency;
			target = 50827FE52D698A120034756A /* tryswifttokyo2025 */;
			targetProxy = 508280022D698A150034756A /* PBXContainerItemProxy */;
		};
		5082802C2D698C910034756A /* PBXTargetDependency */ = {
			isa = PBXTargetDependency;
			target = 5082801A2D698C8F0034756A /* TrySwiftTokyoiOS */;
			targetProxy = 5082802B2D698C910034756A /* PBXContainerItemProxy */;
		};
		508280362D698C910034756A /* PBXTargetDependency */ = {
			isa = PBXTargetDependency;
			target = 5082801A2D698C8F0034756A /* TrySwiftTokyoiOS */;
			targetProxy = 508280352D698C910034756A /* PBXContainerItemProxy */;
		};
/* End PBXTargetDependency section */

/* Begin XCBuildConfiguration section */
		508280092D698A150034756A /* Debug */ = {
			isa = XCBuildConfiguration;
			buildSettings = {
				ALWAYS_SEARCH_USER_PATHS = NO;
				ASSETCATALOG_COMPILER_GENERATE_SWIFT_ASSET_SYMBOL_EXTENSIONS = YES;
				CLANG_ANALYZER_NONNULL = YES;
				CLANG_ANALYZER_NUMBER_OBJECT_CONVERSION = YES_AGGRESSIVE;
				CLANG_CXX_LANGUAGE_STANDARD = "gnu++20";
				CLANG_ENABLE_MODULES = YES;
				CLANG_ENABLE_OBJC_ARC = YES;
				CLANG_ENABLE_OBJC_WEAK = YES;
				CLANG_WARN_BLOCK_CAPTURE_AUTORELEASING = YES;
				CLANG_WARN_BOOL_CONVERSION = YES;
				CLANG_WARN_COMMA = YES;
				CLANG_WARN_CONSTANT_CONVERSION = YES;
				CLANG_WARN_DEPRECATED_OBJC_IMPLEMENTATIONS = YES;
				CLANG_WARN_DIRECT_OBJC_ISA_USAGE = YES_ERROR;
				CLANG_WARN_DOCUMENTATION_COMMENTS = YES;
				CLANG_WARN_EMPTY_BODY = YES;
				CLANG_WARN_ENUM_CONVERSION = YES;
				CLANG_WARN_INFINITE_RECURSION = YES;
				CLANG_WARN_INT_CONVERSION = YES;
				CLANG_WARN_NON_LITERAL_NULL_CONVERSION = YES;
				CLANG_WARN_OBJC_IMPLICIT_RETAIN_SELF = YES;
				CLANG_WARN_OBJC_LITERAL_CONVERSION = YES;
				CLANG_WARN_OBJC_ROOT_CLASS = YES_ERROR;
				CLANG_WARN_QUOTED_INCLUDE_IN_FRAMEWORK_HEADER = YES;
				CLANG_WARN_RANGE_LOOP_ANALYSIS = YES;
				CLANG_WARN_STRICT_PROTOTYPES = YES;
				CLANG_WARN_SUSPICIOUS_MOVE = YES;
				CLANG_WARN_UNGUARDED_AVAILABILITY = YES_AGGRESSIVE;
				CLANG_WARN_UNREACHABLE_CODE = YES;
				CLANG_WARN__DUPLICATE_METHOD_MATCH = YES;
				COPY_PHASE_STRIP = NO;
				DEBUG_INFORMATION_FORMAT = dwarf;
				ENABLE_STRICT_OBJC_MSGSEND = YES;
				ENABLE_TESTABILITY = YES;
				ENABLE_USER_SCRIPT_SANDBOXING = YES;
				GCC_C_LANGUAGE_STANDARD = gnu17;
				GCC_DYNAMIC_NO_PIC = NO;
				GCC_NO_COMMON_BLOCKS = YES;
				GCC_OPTIMIZATION_LEVEL = 0;
				GCC_PREPROCESSOR_DEFINITIONS = (
					"DEBUG=1",
					"$(inherited)",
				);
				GCC_WARN_64_TO_32_BIT_CONVERSION = YES;
				GCC_WARN_ABOUT_RETURN_TYPE = YES_ERROR;
				GCC_WARN_UNDECLARED_SELECTOR = YES;
				GCC_WARN_UNINITIALIZED_AUTOS = YES_AGGRESSIVE;
				GCC_WARN_UNUSED_FUNCTION = YES;
				GCC_WARN_UNUSED_VARIABLE = YES;
				LOCALIZATION_PREFERS_STRING_CATALOGS = YES;
				MTL_ENABLE_DEBUG_INFO = INCLUDE_SOURCE;
				MTL_FAST_MATH = YES;
				ONLY_ACTIVE_ARCH = YES;
				SWIFT_ACTIVE_COMPILATION_CONDITIONS = "DEBUG $(inherited)";
				SWIFT_OPTIMIZATION_LEVEL = "-Onone";
			};
			name = Debug;
		};
		5082800A2D698A150034756A /* Release */ = {
			isa = XCBuildConfiguration;
			buildSettings = {
				ALWAYS_SEARCH_USER_PATHS = NO;
				ASSETCATALOG_COMPILER_GENERATE_SWIFT_ASSET_SYMBOL_EXTENSIONS = YES;
				CLANG_ANALYZER_NONNULL = YES;
				CLANG_ANALYZER_NUMBER_OBJECT_CONVERSION = YES_AGGRESSIVE;
				CLANG_CXX_LANGUAGE_STANDARD = "gnu++20";
				CLANG_ENABLE_MODULES = YES;
				CLANG_ENABLE_OBJC_ARC = YES;
				CLANG_ENABLE_OBJC_WEAK = YES;
				CLANG_WARN_BLOCK_CAPTURE_AUTORELEASING = YES;
				CLANG_WARN_BOOL_CONVERSION = YES;
				CLANG_WARN_COMMA = YES;
				CLANG_WARN_CONSTANT_CONVERSION = YES;
				CLANG_WARN_DEPRECATED_OBJC_IMPLEMENTATIONS = YES;
				CLANG_WARN_DIRECT_OBJC_ISA_USAGE = YES_ERROR;
				CLANG_WARN_DOCUMENTATION_COMMENTS = YES;
				CLANG_WARN_EMPTY_BODY = YES;
				CLANG_WARN_ENUM_CONVERSION = YES;
				CLANG_WARN_INFINITE_RECURSION = YES;
				CLANG_WARN_INT_CONVERSION = YES;
				CLANG_WARN_NON_LITERAL_NULL_CONVERSION = YES;
				CLANG_WARN_OBJC_IMPLICIT_RETAIN_SELF = YES;
				CLANG_WARN_OBJC_LITERAL_CONVERSION = YES;
				CLANG_WARN_OBJC_ROOT_CLASS = YES_ERROR;
				CLANG_WARN_QUOTED_INCLUDE_IN_FRAMEWORK_HEADER = YES;
				CLANG_WARN_RANGE_LOOP_ANALYSIS = YES;
				CLANG_WARN_STRICT_PROTOTYPES = YES;
				CLANG_WARN_SUSPICIOUS_MOVE = YES;
				CLANG_WARN_UNGUARDED_AVAILABILITY = YES_AGGRESSIVE;
				CLANG_WARN_UNREACHABLE_CODE = YES;
				CLANG_WARN__DUPLICATE_METHOD_MATCH = YES;
				COPY_PHASE_STRIP = NO;
				DEBUG_INFORMATION_FORMAT = "dwarf-with-dsym";
				ENABLE_NS_ASSERTIONS = NO;
				ENABLE_STRICT_OBJC_MSGSEND = YES;
				ENABLE_USER_SCRIPT_SANDBOXING = YES;
				GCC_C_LANGUAGE_STANDARD = gnu17;
				GCC_NO_COMMON_BLOCKS = YES;
				GCC_WARN_64_TO_32_BIT_CONVERSION = YES;
				GCC_WARN_ABOUT_RETURN_TYPE = YES_ERROR;
				GCC_WARN_UNDECLARED_SELECTOR = YES;
				GCC_WARN_UNINITIALIZED_AUTOS = YES_AGGRESSIVE;
				GCC_WARN_UNUSED_FUNCTION = YES;
				GCC_WARN_UNUSED_VARIABLE = YES;
				LOCALIZATION_PREFERS_STRING_CATALOGS = YES;
				MTL_ENABLE_DEBUG_INFO = NO;
				MTL_FAST_MATH = YES;
				SWIFT_COMPILATION_MODE = wholemodule;
			};
			name = Release;
		};
		5082800C2D698A150034756A /* Debug */ = {
			isa = XCBuildConfiguration;
			buildSettings = {
				ASSETCATALOG_COMPILER_APPICON_NAME = AppIcon;
				ASSETCATALOG_COMPILER_GLOBAL_ACCENT_COLOR_NAME = AccentColor;
				CODE_SIGN_ENTITLEMENTS = tryswifttokyo2025/tryswifttokyo2025.entitlements;
				CODE_SIGN_STYLE = Automatic;
				CURRENT_PROJECT_VERSION = 1;
				DEVELOPMENT_ASSET_PATHS = "\"tryswifttokyo2025/Preview Content\"";
				DEVELOPMENT_TEAM = C7GQ8MDKWN;
				ENABLE_HARDENED_RUNTIME = YES;
				ENABLE_PREVIEWS = YES;
				GENERATE_INFOPLIST_FILE = YES;
				"INFOPLIST_KEY_UIApplicationSceneManifest_Generation[sdk=iphoneos*]" = YES;
				"INFOPLIST_KEY_UIApplicationSceneManifest_Generation[sdk=iphonesimulator*]" = YES;
				"INFOPLIST_KEY_UIApplicationSupportsIndirectInputEvents[sdk=iphoneos*]" = YES;
				"INFOPLIST_KEY_UIApplicationSupportsIndirectInputEvents[sdk=iphonesimulator*]" = YES;
				"INFOPLIST_KEY_UILaunchScreen_Generation[sdk=iphoneos*]" = YES;
				"INFOPLIST_KEY_UILaunchScreen_Generation[sdk=iphonesimulator*]" = YES;
				"INFOPLIST_KEY_UIStatusBarStyle[sdk=iphoneos*]" = UIStatusBarStyleDefault;
				"INFOPLIST_KEY_UIStatusBarStyle[sdk=iphonesimulator*]" = UIStatusBarStyleDefault;
				INFOPLIST_KEY_UISupportedInterfaceOrientations_iPad = "UIInterfaceOrientationPortrait UIInterfaceOrientationPortraitUpsideDown UIInterfaceOrientationLandscapeLeft UIInterfaceOrientationLandscapeRight";
				INFOPLIST_KEY_UISupportedInterfaceOrientations_iPhone = "UIInterfaceOrientationPortrait UIInterfaceOrientationLandscapeLeft UIInterfaceOrientationLandscapeRight";
				IPHONEOS_DEPLOYMENT_TARGET = 18.2;
				LD_RUNPATH_SEARCH_PATHS = "@executable_path/Frameworks";
				"LD_RUNPATH_SEARCH_PATHS[sdk=macosx*]" = "@executable_path/../Frameworks";
				MACOSX_DEPLOYMENT_TARGET = 15.2;
				MARKETING_VERSION = 1.0;
				PRODUCT_BUNDLE_IDENTIFIER = com.prad.tryswifttokyo2025;
				PRODUCT_NAME = "$(TARGET_NAME)";
				SDKROOT = auto;
				SUPPORTED_PLATFORMS = "iphoneos iphonesimulator macosx xros xrsimulator";
				SWIFT_EMIT_LOC_STRINGS = YES;
				SWIFT_VERSION = 5.0;
				TARGETED_DEVICE_FAMILY = "1,2,7";
				XROS_DEPLOYMENT_TARGET = 2.2;
			};
			name = Debug;
		};
		5082800D2D698A150034756A /* Release */ = {
			isa = XCBuildConfiguration;
			buildSettings = {
				ASSETCATALOG_COMPILER_APPICON_NAME = AppIcon;
				ASSETCATALOG_COMPILER_GLOBAL_ACCENT_COLOR_NAME = AccentColor;
				CODE_SIGN_ENTITLEMENTS = tryswifttokyo2025/tryswifttokyo2025.entitlements;
				CODE_SIGN_STYLE = Automatic;
				CURRENT_PROJECT_VERSION = 1;
				DEVELOPMENT_ASSET_PATHS = "\"tryswifttokyo2025/Preview Content\"";
				DEVELOPMENT_TEAM = C7GQ8MDKWN;
				ENABLE_HARDENED_RUNTIME = YES;
				ENABLE_PREVIEWS = YES;
				GENERATE_INFOPLIST_FILE = YES;
				"INFOPLIST_KEY_UIApplicationSceneManifest_Generation[sdk=iphoneos*]" = YES;
				"INFOPLIST_KEY_UIApplicationSceneManifest_Generation[sdk=iphonesimulator*]" = YES;
				"INFOPLIST_KEY_UIApplicationSupportsIndirectInputEvents[sdk=iphoneos*]" = YES;
				"INFOPLIST_KEY_UIApplicationSupportsIndirectInputEvents[sdk=iphonesimulator*]" = YES;
				"INFOPLIST_KEY_UILaunchScreen_Generation[sdk=iphoneos*]" = YES;
				"INFOPLIST_KEY_UILaunchScreen_Generation[sdk=iphonesimulator*]" = YES;
				"INFOPLIST_KEY_UIStatusBarStyle[sdk=iphoneos*]" = UIStatusBarStyleDefault;
				"INFOPLIST_KEY_UIStatusBarStyle[sdk=iphonesimulator*]" = UIStatusBarStyleDefault;
				INFOPLIST_KEY_UISupportedInterfaceOrientations_iPad = "UIInterfaceOrientationPortrait UIInterfaceOrientationPortraitUpsideDown UIInterfaceOrientationLandscapeLeft UIInterfaceOrientationLandscapeRight";
				INFOPLIST_KEY_UISupportedInterfaceOrientations_iPhone = "UIInterfaceOrientationPortrait UIInterfaceOrientationLandscapeLeft UIInterfaceOrientationLandscapeRight";
				IPHONEOS_DEPLOYMENT_TARGET = 18.2;
				LD_RUNPATH_SEARCH_PATHS = "@executable_path/Frameworks";
				"LD_RUNPATH_SEARCH_PATHS[sdk=macosx*]" = "@executable_path/../Frameworks";
				MACOSX_DEPLOYMENT_TARGET = 15.2;
				MARKETING_VERSION = 1.0;
				PRODUCT_BUNDLE_IDENTIFIER = com.prad.tryswifttokyo2025;
				PRODUCT_NAME = "$(TARGET_NAME)";
				SDKROOT = auto;
				SUPPORTED_PLATFORMS = "iphoneos iphonesimulator macosx xros xrsimulator";
				SWIFT_EMIT_LOC_STRINGS = YES;
				SWIFT_VERSION = 5.0;
				TARGETED_DEVICE_FAMILY = "1,2,7";
				XROS_DEPLOYMENT_TARGET = 2.2;
			};
			name = Release;
		};
		5082800F2D698A150034756A /* Debug */ = {
			isa = XCBuildConfiguration;
			buildSettings = {
				BUNDLE_LOADER = "$(TEST_HOST)";
				CODE_SIGN_STYLE = Automatic;
				CURRENT_PROJECT_VERSION = 1;
				DEVELOPMENT_TEAM = C7GQ8MDKWN;
				GENERATE_INFOPLIST_FILE = YES;
				IPHONEOS_DEPLOYMENT_TARGET = 18.2;
				MACOSX_DEPLOYMENT_TARGET = 15.2;
				MARKETING_VERSION = 1.0;
				PRODUCT_BUNDLE_IDENTIFIER = com.prad.tryswifttokyo2025Tests;
				PRODUCT_NAME = "$(TARGET_NAME)";
				SDKROOT = auto;
				SUPPORTED_PLATFORMS = "iphoneos iphonesimulator macosx xros xrsimulator";
				SWIFT_EMIT_LOC_STRINGS = NO;
				SWIFT_VERSION = 5.0;
				TARGETED_DEVICE_FAMILY = "1,2,7";
				TEST_HOST = "$(BUILT_PRODUCTS_DIR)/tryswifttokyo2025.app/$(BUNDLE_EXECUTABLE_FOLDER_PATH)/tryswifttokyo2025";
				XROS_DEPLOYMENT_TARGET = 2.2;
			};
			name = Debug;
		};
		508280102D698A150034756A /* Release */ = {
			isa = XCBuildConfiguration;
			buildSettings = {
				BUNDLE_LOADER = "$(TEST_HOST)";
				CODE_SIGN_STYLE = Automatic;
				CURRENT_PROJECT_VERSION = 1;
				DEVELOPMENT_TEAM = C7GQ8MDKWN;
				GENERATE_INFOPLIST_FILE = YES;
				IPHONEOS_DEPLOYMENT_TARGET = 18.2;
				MACOSX_DEPLOYMENT_TARGET = 15.2;
				MARKETING_VERSION = 1.0;
				PRODUCT_BUNDLE_IDENTIFIER = com.prad.tryswifttokyo2025Tests;
				PRODUCT_NAME = "$(TARGET_NAME)";
				SDKROOT = auto;
				SUPPORTED_PLATFORMS = "iphoneos iphonesimulator macosx xros xrsimulator";
				SWIFT_EMIT_LOC_STRINGS = NO;
				SWIFT_VERSION = 5.0;
				TARGETED_DEVICE_FAMILY = "1,2,7";
				TEST_HOST = "$(BUILT_PRODUCTS_DIR)/tryswifttokyo2025.app/$(BUNDLE_EXECUTABLE_FOLDER_PATH)/tryswifttokyo2025";
				XROS_DEPLOYMENT_TARGET = 2.2;
			};
			name = Release;
		};
		508280122D698A150034756A /* Debug */ = {
			isa = XCBuildConfiguration;
			buildSettings = {
				CODE_SIGN_STYLE = Automatic;
				CURRENT_PROJECT_VERSION = 1;
				DEVELOPMENT_TEAM = C7GQ8MDKWN;
				GENERATE_INFOPLIST_FILE = YES;
				IPHONEOS_DEPLOYMENT_TARGET = 18.2;
				MACOSX_DEPLOYMENT_TARGET = 15.2;
				MARKETING_VERSION = 1.0;
				PRODUCT_BUNDLE_IDENTIFIER = com.prad.tryswifttokyo2025UITests;
				PRODUCT_NAME = "$(TARGET_NAME)";
				SDKROOT = auto;
				SUPPORTED_PLATFORMS = "iphoneos iphonesimulator macosx xros xrsimulator";
				SWIFT_EMIT_LOC_STRINGS = NO;
				SWIFT_VERSION = 5.0;
				TARGETED_DEVICE_FAMILY = "1,2,7";
				TEST_TARGET_NAME = tryswifttokyo2025;
				XROS_DEPLOYMENT_TARGET = 2.2;
			};
			name = Debug;
		};
		508280132D698A150034756A /* Release */ = {
			isa = XCBuildConfiguration;
			buildSettings = {
				CODE_SIGN_STYLE = Automatic;
				CURRENT_PROJECT_VERSION = 1;
				DEVELOPMENT_TEAM = C7GQ8MDKWN;
				GENERATE_INFOPLIST_FILE = YES;
				IPHONEOS_DEPLOYMENT_TARGET = 18.2;
				MACOSX_DEPLOYMENT_TARGET = 15.2;
				MARKETING_VERSION = 1.0;
				PRODUCT_BUNDLE_IDENTIFIER = com.prad.tryswifttokyo2025UITests;
				PRODUCT_NAME = "$(TARGET_NAME)";
				SDKROOT = auto;
				SUPPORTED_PLATFORMS = "iphoneos iphonesimulator macosx xros xrsimulator";
				SWIFT_EMIT_LOC_STRINGS = NO;
				SWIFT_VERSION = 5.0;
				TARGETED_DEVICE_FAMILY = "1,2,7";
				TEST_TARGET_NAME = tryswifttokyo2025;
				XROS_DEPLOYMENT_TARGET = 2.2;
			};
			name = Release;
		};
		5082803D2D698C920034756A /* Debug */ = {
			isa = XCBuildConfiguration;
			buildSettings = {
				ASSETCATALOG_COMPILER_APPICON_NAME = AppIcon;
				ASSETCATALOG_COMPILER_GLOBAL_ACCENT_COLOR_NAME = AccentColor;
				CODE_SIGN_STYLE = Automatic;
				CURRENT_PROJECT_VERSION = 1;
				DEVELOPMENT_ASSET_PATHS = "\"TrySwiftTokyoiOS/Preview Content\"";
				DEVELOPMENT_TEAM = C7GQ8MDKWN;
				ENABLE_PREVIEWS = YES;
				GENERATE_INFOPLIST_FILE = YES;
				INFOPLIST_KEY_UIApplicationSceneManifest_Generation = YES;
				INFOPLIST_KEY_UIApplicationSupportsIndirectInputEvents = YES;
				INFOPLIST_KEY_UILaunchScreen_Generation = YES;
				INFOPLIST_KEY_UISupportedInterfaceOrientations_iPad = "UIInterfaceOrientationPortrait UIInterfaceOrientationPortraitUpsideDown UIInterfaceOrientationLandscapeLeft UIInterfaceOrientationLandscapeRight";
				INFOPLIST_KEY_UISupportedInterfaceOrientations_iPhone = "UIInterfaceOrientationPortrait UIInterfaceOrientationLandscapeLeft UIInterfaceOrientationLandscapeRight";
				IPHONEOS_DEPLOYMENT_TARGET = 17;
				LD_RUNPATH_SEARCH_PATHS = (
					"$(inherited)",
					"@executable_path/Frameworks",
				);
				MARKETING_VERSION = 1.0;
				PRODUCT_BUNDLE_IDENTIFIER = com.prad.TrySwiftTokyo;
				PRODUCT_NAME = "$(TARGET_NAME)";
				SDKROOT = iphoneos;
				SWIFT_EMIT_LOC_STRINGS = YES;
				SWIFT_VERSION = 5.0;
				TARGETED_DEVICE_FAMILY = "1,2";
			};
			name = Debug;
		};
		5082803E2D698C920034756A /* Release */ = {
			isa = XCBuildConfiguration;
			buildSettings = {
				ASSETCATALOG_COMPILER_APPICON_NAME = AppIcon;
				ASSETCATALOG_COMPILER_GLOBAL_ACCENT_COLOR_NAME = AccentColor;
				CODE_SIGN_STYLE = Automatic;
				CURRENT_PROJECT_VERSION = 1;
				DEVELOPMENT_ASSET_PATHS = "\"TrySwiftTokyoiOS/Preview Content\"";
				DEVELOPMENT_TEAM = C7GQ8MDKWN;
				ENABLE_PREVIEWS = YES;
				GENERATE_INFOPLIST_FILE = YES;
				INFOPLIST_KEY_UIApplicationSceneManifest_Generation = YES;
				INFOPLIST_KEY_UIApplicationSupportsIndirectInputEvents = YES;
				INFOPLIST_KEY_UILaunchScreen_Generation = YES;
				INFOPLIST_KEY_UISupportedInterfaceOrientations_iPad = "UIInterfaceOrientationPortrait UIInterfaceOrientationPortraitUpsideDown UIInterfaceOrientationLandscapeLeft UIInterfaceOrientationLandscapeRight";
				INFOPLIST_KEY_UISupportedInterfaceOrientations_iPhone = "UIInterfaceOrientationPortrait UIInterfaceOrientationLandscapeLeft UIInterfaceOrientationLandscapeRight";
				IPHONEOS_DEPLOYMENT_TARGET = 17;
				LD_RUNPATH_SEARCH_PATHS = (
					"$(inherited)",
					"@executable_path/Frameworks",
				);
				MARKETING_VERSION = 1.0;
				PRODUCT_BUNDLE_IDENTIFIER = com.prad.TrySwiftTokyo;
				PRODUCT_NAME = "$(TARGET_NAME)";
				SDKROOT = iphoneos;
				SWIFT_EMIT_LOC_STRINGS = YES;
				SWIFT_VERSION = 5.0;
				TARGETED_DEVICE_FAMILY = "1,2";
				VALIDATE_PRODUCT = YES;
			};
			name = Release;
		};
		508280402D698C920034756A /* Debug */ = {
			isa = XCBuildConfiguration;
			buildSettings = {
				BUNDLE_LOADER = "$(TEST_HOST)";
				CODE_SIGN_STYLE = Automatic;
				CURRENT_PROJECT_VERSION = 1;
				DEVELOPMENT_TEAM = C7GQ8MDKWN;
				GENERATE_INFOPLIST_FILE = YES;
				IPHONEOS_DEPLOYMENT_TARGET = 18.2;
				MARKETING_VERSION = 1.0;
				PRODUCT_BUNDLE_IDENTIFIER = com.prad.TrySwiftTokyoTests;
				PRODUCT_NAME = "$(TARGET_NAME)";
				SDKROOT = iphoneos;
				SWIFT_EMIT_LOC_STRINGS = NO;
				SWIFT_VERSION = 5.0;
				TARGETED_DEVICE_FAMILY = "1,2";
				TEST_HOST = "$(BUILT_PRODUCTS_DIR)/TrySwiftTokyo.app/$(BUNDLE_EXECUTABLE_FOLDER_PATH)/TrySwiftTokyo";
			};
			name = Debug;
		};
		508280412D698C920034756A /* Release */ = {
			isa = XCBuildConfiguration;
			buildSettings = {
				BUNDLE_LOADER = "$(TEST_HOST)";
				CODE_SIGN_STYLE = Automatic;
				CURRENT_PROJECT_VERSION = 1;
				DEVELOPMENT_TEAM = C7GQ8MDKWN;
				GENERATE_INFOPLIST_FILE = YES;
				IPHONEOS_DEPLOYMENT_TARGET = 18.2;
				MARKETING_VERSION = 1.0;
				PRODUCT_BUNDLE_IDENTIFIER = com.prad.TrySwiftTokyoTests;
				PRODUCT_NAME = "$(TARGET_NAME)";
				SDKROOT = iphoneos;
				SWIFT_EMIT_LOC_STRINGS = NO;
				SWIFT_VERSION = 5.0;
				TARGETED_DEVICE_FAMILY = "1,2";
				TEST_HOST = "$(BUILT_PRODUCTS_DIR)/TrySwiftTokyo.app/$(BUNDLE_EXECUTABLE_FOLDER_PATH)/TrySwiftTokyo";
				VALIDATE_PRODUCT = YES;
			};
			name = Release;
		};
		508280432D698C920034756A /* Debug */ = {
			isa = XCBuildConfiguration;
			buildSettings = {
				CODE_SIGN_STYLE = Automatic;
				CURRENT_PROJECT_VERSION = 1;
				DEVELOPMENT_TEAM = C7GQ8MDKWN;
				GENERATE_INFOPLIST_FILE = YES;
				IPHONEOS_DEPLOYMENT_TARGET = 18.2;
				MARKETING_VERSION = 1.0;
				PRODUCT_BUNDLE_IDENTIFIER = com.prad.TrySwiftTokyoUITests;
				PRODUCT_NAME = "$(TARGET_NAME)";
				SDKROOT = iphoneos;
				SWIFT_EMIT_LOC_STRINGS = NO;
				SWIFT_VERSION = 5.0;
				TARGETED_DEVICE_FAMILY = "1,2";
				TEST_TARGET_NAME = TrySwiftTokyo;
			};
			name = Debug;
		};
		508280442D698C920034756A /* Release */ = {
			isa = XCBuildConfiguration;
			buildSettings = {
				CODE_SIGN_STYLE = Automatic;
				CURRENT_PROJECT_VERSION = 1;
				DEVELOPMENT_TEAM = C7GQ8MDKWN;
				GENERATE_INFOPLIST_FILE = YES;
				IPHONEOS_DEPLOYMENT_TARGET = 18.2;
				MARKETING_VERSION = 1.0;
				PRODUCT_BUNDLE_IDENTIFIER = com.prad.TrySwiftTokyoUITests;
				PRODUCT_NAME = "$(TARGET_NAME)";
				SDKROOT = iphoneos;
				SWIFT_EMIT_LOC_STRINGS = NO;
				SWIFT_VERSION = 5.0;
				TARGETED_DEVICE_FAMILY = "1,2";
				TEST_TARGET_NAME = TrySwiftTokyo;
				VALIDATE_PRODUCT = YES;
			};
			name = Release;
		};
/* End XCBuildConfiguration section */

/* Begin XCConfigurationList section */
		50827FE12D698A120034756A /* Build configuration list for PBXProject "tryswifttokyo2025" */ = {
			isa = XCConfigurationList;
			buildConfigurations = (
				508280092D698A150034756A /* Debug */,
				5082800A2D698A150034756A /* Release */,
			);
			defaultConfigurationIsVisible = 0;
			defaultConfigurationName = Release;
		};
		5082800B2D698A150034756A /* Build configuration list for PBXNativeTarget "tryswifttokyo2025" */ = {
			isa = XCConfigurationList;
			buildConfigurations = (
				5082800C2D698A150034756A /* Debug */,
				5082800D2D698A150034756A /* Release */,
			);
			defaultConfigurationIsVisible = 0;
			defaultConfigurationName = Release;
		};
		5082800E2D698A150034756A /* Build configuration list for PBXNativeTarget "tryswifttokyo2025Tests" */ = {
			isa = XCConfigurationList;
			buildConfigurations = (
				5082800F2D698A150034756A /* Debug */,
				508280102D698A150034756A /* Release */,
			);
			defaultConfigurationIsVisible = 0;
			defaultConfigurationName = Release;
		};
		508280112D698A150034756A /* Build configuration list for PBXNativeTarget "tryswifttokyo2025UITests" */ = {
			isa = XCConfigurationList;
			buildConfigurations = (
				508280122D698A150034756A /* Debug */,
				508280132D698A150034756A /* Release */,
			);
			defaultConfigurationIsVisible = 0;
			defaultConfigurationName = Release;
		};
		5082803C2D698C920034756A /* Build configuration list for PBXNativeTarget "TrySwiftTokyoiOS" */ = {
			isa = XCConfigurationList;
			buildConfigurations = (
				5082803D2D698C920034756A /* Debug */,
				5082803E2D698C920034756A /* Release */,
			);
			defaultConfigurationIsVisible = 0;
			defaultConfigurationName = Release;
		};
		5082803F2D698C920034756A /* Build configuration list for PBXNativeTarget "TrySwiftTokyoTests" */ = {
			isa = XCConfigurationList;
			buildConfigurations = (
				508280402D698C920034756A /* Debug */,
				508280412D698C920034756A /* Release */,
			);
			defaultConfigurationIsVisible = 0;
			defaultConfigurationName = Release;
		};
		508280422D698C920034756A /* Build configuration list for PBXNativeTarget "TrySwiftTokyoUITests" */ = {
			isa = XCConfigurationList;
			buildConfigurations = (
				508280432D698C920034756A /* Debug */,
				508280442D698C920034756A /* Release */,
			);
			defaultConfigurationIsVisible = 0;
			defaultConfigurationName = Release;
		};
/* End XCConfigurationList section */
	};
	rootObject = 50827FDE2D698A120034756A /* Project object */;
}
